{
  "pins" : [
    {
      "identity" : "asn1swift",
      "kind" : "remoteSourceControl",
      "location" : "https://github.com/keepassium/ASN1Swift",
      "state" : {
        "branch" : "keepassium",
        "revision" : "403cd95194e6a962e16db7c0d373d89fce83e0f7"
      }
    }
  ],
  "version" : 2
}
